# THIS IS AN AUTOGENERATED FILE. DO NOT EDIT THIS FILE DIRECTLY.
# yarn lockfile v1


"@popperjs/core@^2.9.2":
  "integrity" "sha512-zrsUxjLOKAzdewIDRWy9nsV1GQsKBCWaGwsZQlCgr6/q+vjyZhFgqedLfFBuI9anTPEUT4APq9Mu0SZBTzIcGQ=="
  "resolved" "https://registry.npmjs.org/@popperjs/core/-/core-2.11.0.tgz"
  "version" "2.11.0"

"bootstrap@^5.0.2":
  "integrity" "sha512-1Ge963tyEQWJJ+8qtXFU6wgmAVj9gweEjibUdbmcCEYsn38tVwRk8107rk2vzt6cfQcRr3SlZ8aQBqaD8aqf+Q=="
  "resolved" "https://registry.npmjs.org/bootstrap/-/bootstrap-5.0.2.tgz"
  "version" "5.0.2"

"dom7@^4.0.1":
  "integrity" "sha512-y/RWjw3gK3qQnZz6IqDaIoqH6+xBhcB3Wsh5HFwl0abwuO/NAgbSB31ZbxtBDcuDe8jAX5NYUNDLTx4Ul48sIw=="
  "resolved" "https://registry.npmjs.org/dom7/-/dom7-4.0.1.tgz"
  "version" "4.0.1"
  dependencies:
    "ssr-window" "^4.0.0"

"jquery@^3.6.0":
  "integrity" "sha512-JVzAR/AjBvVt2BmYhxRCSYysDsPcssdmTFnzyLEts9qNwmjmu4JTAMYubEfwVOSwpQ1I1sKKFcxhZCI2buerfw=="
  "resolved" "https://registry.npmjs.org/jquery/-/jquery-3.6.0.tgz"
  "version" "3.6.0"

"ssr-window@^4.0.0", "ssr-window@^4.0.1":
  "integrity" "sha512-5q936lkCk5Lg5hM6tG8Nutdym4vNiuFSWorslTzOn71PWb3Wnx44q/k2Ryn1LWA1G4FtxMzjywUFOiOxPkVGrA=="
  "resolved" "https://registry.npmjs.org/ssr-window/-/ssr-window-4.0.1.tgz"
  "version" "4.0.1"

"swiper@^7.2.0":
  "integrity" "sha512-CUL6Nvzcf3fU0b8dHaraYphgBT7l44PY1B6T8b+E12pim4DEcwFZDy/KZoIKrAnn+rfbayCmcksYmSDIP5nDHg=="
  "resolved" "https://registry.npmjs.org/swiper/-/swiper-7.2.0.tgz"
  "version" "7.2.0"
  dependencies:
    "dom7" "^4.0.1"
    "ssr-window" "^4.0.1"
